
Microsoft Visual Studio Solution File, Format Version 12.00
# Visual Studio Version 17
VisualStudioVersion = 17.3.32819.101
MinimumVisualStudioVersion = 10.0.40219.1
Project("{9A19103F-16F7-4668-BE54-9A1E7A4F7556}") = "GIMNASIO", "GIMNASIO\GIMNASIO.csproj", "{18504D3B-385B-4F60-B51D-BDFD96DADD9F}"
EndProject
Global
	GlobalSection(SolutionConfigurationPlatforms) = preSolution
		Debug|Any CPU = Debug|Any CPU
		Release|Any CPU = Release|Any CPU
	EndGlobalSection
	GlobalSection(ProjectConfigurationPlatforms) = postSolution
		{18504D3B-385B-4F60-B51D-BDFD96DADD9F}.Debug|Any CPU.ActiveCfg = Debug|Any CPU
		{18504D3B-385B-4F60-B51D-BDFD96DADD9F}.Debug|Any CPU.Build.0 = Debug|Any CPU
		{18504D3B-385B-4F60-B51D-BDFD96DADD9F}.Release|Any CPU.ActiveCfg = Release|Any CPU
		{18504D3B-385B-4F60-B51D-BDFD96DADD9F}.Release|Any CPU.Build.0 = Release|Any CPU
	EndGlobalSection
	GlobalSection(SolutionProperties) = preSolution
		HideSolutionNode = FALSE
	EndGlobalSection
	GlobalSection(ExtensibilityGlobals) = postSolution
		SolutionGuid = {673D4B63-0794-47A7-8A4B-DA287DD30E41}
	EndGlobalSection
EndGlobal
